
Microsoft Visual Studio Solution File, Format Version 12.00
# Visual Studio Version 17
VisualStudioVersion = 17.4.33213.308
MinimumVisualStudioVersion = 10.0.40219.1
Project("{FAE04EC0-301F-11D3-BF4B-00C04F79EFBC}") = "ClothesShop", "ClothesShop\ClothesShop\ClothesShop.csproj", "{FFD2BC2D-BBC9-4CE7-BD01-EEB9FEA53AEC}"
EndProject
Project("{FAE04EC0-301F-11D3-BF4B-00C04F79EFBC}") = "Admin", "Admin\Admin.csproj", "{B40BA425-2E13-45DC-BE9E-81B198CF1CE1}"
EndProject
Global
	GlobalSection(SolutionConfigurationPlatforms) = preSolution
		Debug|Any CPU = Debug|Any CPU
		Release|Any CPU = Release|Any CPU
	EndGlobalSection
	GlobalSection(ProjectConfigurationPlatforms) = postSolution
		{FFD2BC2D-BBC9-4CE7-BD01-EEB9FEA53AEC}.Debug|Any CPU.ActiveCfg = Debug|Any CPU
		{FFD2BC2D-BBC9-4CE7-BD01-EEB9FEA53AEC}.Debug|Any CPU.Build.0 = Debug|Any CPU
		{FFD2BC2D-BBC9-4CE7-BD01-EEB9FEA53AEC}.Release|Any CPU.ActiveCfg = Release|Any CPU
		{FFD2BC2D-BBC9-4CE7-BD01-EEB9FEA53AEC}.Release|Any CPU.Build.0 = Release|Any CPU
		{B40BA425-2E13-45DC-BE9E-81B198CF1CE1}.Debug|Any CPU.ActiveCfg = Debug|Any CPU
		{B40BA425-2E13-45DC-BE9E-81B198CF1CE1}.Debug|Any CPU.Build.0 = Debug|Any CPU
		{B40BA425-2E13-45DC-BE9E-81B198CF1CE1}.Release|Any CPU.ActiveCfg = Release|Any CPU
		{B40BA425-2E13-45DC-BE9E-81B198CF1CE1}.Release|Any CPU.Build.0 = Release|Any CPU
	EndGlobalSection
	GlobalSection(SolutionProperties) = preSolution
		HideSolutionNode = FALSE
	EndGlobalSection
	GlobalSection(ExtensibilityGlobals) = postSolution
		SolutionGuid = {6F59E585-2741-496B-97DA-23F0CD38670C}
	EndGlobalSection
EndGlobal
